
Microsoft Visual Studio Solution File, Format Version 12.00
# Visual Studio Version 17
VisualStudioVersion = 17.2.32602.215
MinimumVisualStudioVersion = 10.0.40219.1
Project("{2150E333-8FDC-42A3-9474-1A3956D46DE8}") = "src", "src", "{E7226010-B4B9-47E4-BA2B-F6EB67307F24}"
EndProject
Project("{2150E333-8FDC-42A3-9474-1A3956D46DE8}") = "doc", "doc", "{1BA5CC8B-CCE3-4226-B0AC-602F3FA43851}"
EndProject
Project("{2150E333-8FDC-42A3-9474-1A3956D46DE8}") = "test", "test", "{08ADD1A8-3BE0-458C-93D2-6AA732883980}"
EndProject
Project("{2150E333-8FDC-42A3-9474-1A3956D46DE8}") = "Core", "Core", "{C2D8EF81-8A9F-4503-9E34-B4B8E7A18AB5}"
EndProject
Project("{2150E333-8FDC-42A3-9474-1A3956D46DE8}") = "Infrastructure", "Infrastructure", "{92D8C79E-F325-4126-9687-76338480FB5D}"
EndProject
Project("{2150E333-8FDC-42A3-9474-1A3956D46DE8}") = "Endpoint", "Endpoint", "{6BF40DCC-90D3-4A0B-ABB1-144307747A2A}"
EndProject
Project("{9A19103F-16F7-4668-BE54-9A1E7A4F7556}") = "LogCore.Application", "src\Core\LogCore.Application\LogCore.Application.csproj", "{C3D7BBA8-CBF0-43A0-A224-00C3D3B0595C}"
EndProject
Project("{9A19103F-16F7-4668-BE54-9A1E7A4F7556}") = "LogCore.Contract", "src\Core\LogCore.Contract\LogCore.Contract.csproj", "{01C09CB1-1514-4B9D-A0BA-364DD41D2032}"
EndProject
Project("{9A19103F-16F7-4668-BE54-9A1E7A4F7556}") = "LogCore.Domain", "src\Core\LogCore.Domain\LogCore.Domain.csproj", "{255D0C6E-B97F-406B-8ADD-EC25F70FC45F}"
EndProject
Project("{9A19103F-16F7-4668-BE54-9A1E7A4F7556}") = "LogCore.Persistence", "src\Infrastructure\LogCore.Persistence\LogCore.Persistence.csproj", "{15369DE0-3E25-4CD3-A202-F11E1E4F3C76}"
EndProject
Project("{9A19103F-16F7-4668-BE54-9A1E7A4F7556}") = "LogCore.Api", "src\Endpoint\LogCore.Api\LogCore.Api.csproj", "{A17B6849-D294-459D-A38B-C7982CB483D2}"
EndProject
Project("{2150E333-8FDC-42A3-9474-1A3956D46DE8}") = "Common", "Common", "{72986270-648C-494A-B074-D43E4D5EC696}"
EndProject
Project("{FAE04EC0-301F-11D3-BF4B-00C04F79EFBC}") = "LogCore.Utility", "src\Common\LogCore.Utility\LogCore.Utility.csproj", "{5C50E4AD-8FE0-43DE-9806-1C586B214239}"
EndProject
Global
	GlobalSection(SolutionConfigurationPlatforms) = preSolution
		Debug|Any CPU = Debug|Any CPU
		Release|Any CPU = Release|Any CPU
	EndGlobalSection
	GlobalSection(ProjectConfigurationPlatforms) = postSolution
		{C3D7BBA8-CBF0-43A0-A224-00C3D3B0595C}.Debug|Any CPU.ActiveCfg = Debug|Any CPU
		{C3D7BBA8-CBF0-43A0-A224-00C3D3B0595C}.Debug|Any CPU.Build.0 = Debug|Any CPU
		{C3D7BBA8-CBF0-43A0-A224-00C3D3B0595C}.Release|Any CPU.ActiveCfg = Release|Any CPU
		{C3D7BBA8-CBF0-43A0-A224-00C3D3B0595C}.Release|Any CPU.Build.0 = Release|Any CPU
		{01C09CB1-1514-4B9D-A0BA-364DD41D2032}.Debug|Any CPU.ActiveCfg = Debug|Any CPU
		{01C09CB1-1514-4B9D-A0BA-364DD41D2032}.Debug|Any CPU.Build.0 = Debug|Any CPU
		{01C09CB1-1514-4B9D-A0BA-364DD41D2032}.Release|Any CPU.ActiveCfg = Release|Any CPU
		{01C09CB1-1514-4B9D-A0BA-364DD41D2032}.Release|Any CPU.Build.0 = Release|Any CPU
		{255D0C6E-B97F-406B-8ADD-EC25F70FC45F}.Debug|Any CPU.ActiveCfg = Debug|Any CPU
		{255D0C6E-B97F-406B-8ADD-EC25F70FC45F}.Debug|Any CPU.Build.0 = Debug|Any CPU
		{255D0C6E-B97F-406B-8ADD-EC25F70FC45F}.Release|Any CPU.ActiveCfg = Release|Any CPU
		{255D0C6E-B97F-406B-8ADD-EC25F70FC45F}.Release|Any CPU.Build.0 = Release|Any CPU
		{15369DE0-3E25-4CD3-A202-F11E1E4F3C76}.Debug|Any CPU.ActiveCfg = Debug|Any CPU
		{15369DE0-3E25-4CD3-A202-F11E1E4F3C76}.Debug|Any CPU.Build.0 = Debug|Any CPU
		{15369DE0-3E25-4CD3-A202-F11E1E4F3C76}.Release|Any CPU.ActiveCfg = Release|Any CPU
		{15369DE0-3E25-4CD3-A202-F11E1E4F3C76}.Release|Any CPU.Build.0 = Release|Any CPU
		{A17B6849-D294-459D-A38B-C7982CB483D2}.Debug|Any CPU.ActiveCfg = Debug|Any CPU
		{A17B6849-D294-459D-A38B-C7982CB483D2}.Debug|Any CPU.Build.0 = Debug|Any CPU
		{A17B6849-D294-459D-A38B-C7982CB483D2}.Release|Any CPU.ActiveCfg = Release|Any CPU
		{A17B6849-D294-459D-A38B-C7982CB483D2}.Release|Any CPU.Build.0 = Release|Any CPU
		{5C50E4AD-8FE0-43DE-9806-1C586B214239}.Debug|Any CPU.ActiveCfg = Debug|Any CPU
		{5C50E4AD-8FE0-43DE-9806-1C586B214239}.Debug|Any CPU.Build.0 = Debug|Any CPU
		{5C50E4AD-8FE0-43DE-9806-1C586B214239}.Release|Any CPU.ActiveCfg = Release|Any CPU
		{5C50E4AD-8FE0-43DE-9806-1C586B214239}.Release|Any CPU.Build.0 = Release|Any CPU
	EndGlobalSection
	GlobalSection(SolutionProperties) = preSolution
		HideSolutionNode = FALSE
	EndGlobalSection
	GlobalSection(NestedProjects) = preSolution
		{C2D8EF81-8A9F-4503-9E34-B4B8E7A18AB5} = {E7226010-B4B9-47E4-BA2B-F6EB67307F24}
		{92D8C79E-F325-4126-9687-76338480FB5D} = {E7226010-B4B9-47E4-BA2B-F6EB67307F24}
		{6BF40DCC-90D3-4A0B-ABB1-144307747A2A} = {E7226010-B4B9-47E4-BA2B-F6EB67307F24}
		{C3D7BBA8-CBF0-43A0-A224-00C3D3B0595C} = {C2D8EF81-8A9F-4503-9E34-B4B8E7A18AB5}
		{01C09CB1-1514-4B9D-A0BA-364DD41D2032} = {C2D8EF81-8A9F-4503-9E34-B4B8E7A18AB5}
		{255D0C6E-B97F-406B-8ADD-EC25F70FC45F} = {C2D8EF81-8A9F-4503-9E34-B4B8E7A18AB5}
		{15369DE0-3E25-4CD3-A202-F11E1E4F3C76} = {92D8C79E-F325-4126-9687-76338480FB5D}
		{A17B6849-D294-459D-A38B-C7982CB483D2} = {6BF40DCC-90D3-4A0B-ABB1-144307747A2A}
		{72986270-648C-494A-B074-D43E4D5EC696} = {E7226010-B4B9-47E4-BA2B-F6EB67307F24}
		{5C50E4AD-8FE0-43DE-9806-1C586B214239} = {72986270-648C-494A-B074-D43E4D5EC696}
	EndGlobalSection
	GlobalSection(ExtensibilityGlobals) = postSolution
		SolutionGuid = {8F1A295F-8962-4FEC-8AEF-DB03E972D258}
	EndGlobalSection
EndGlobal
