
Microsoft Visual Studio Solution File, Format Version 12.00
# Visual Studio Version 17
VisualStudioVersion = 17.4.33205.214
MinimumVisualStudioVersion = 10.0.40219.1
Project("{FAE04EC0-301F-11D3-BF4B-00C04F79EFBC}") = "QStateLogConsumer", "QStateLogConsumer\QStateLogConsumer.csproj", "{7553C1FC-0785-4427-B8BC-4A53B45A58EB}"
EndProject
Global
	GlobalSection(SolutionConfigurationPlatforms) = preSolution
		Debug|Any CPU = Debug|Any CPU
		Release|Any CPU = Release|Any CPU
	EndGlobalSection
	GlobalSection(ProjectConfigurationPlatforms) = postSolution
		{7553C1FC-0785-4427-B8BC-4A53B45A58EB}.Debug|Any CPU.ActiveCfg = Debug|Any CPU
		{7553C1FC-0785-4427-B8BC-4A53B45A58EB}.Debug|Any CPU.Build.0 = Debug|Any CPU
		{7553C1FC-0785-4427-B8BC-4A53B45A58EB}.Release|Any CPU.ActiveCfg = Release|Any CPU
		{7553C1FC-0785-4427-B8BC-4A53B45A58EB}.Release|Any CPU.Build.0 = Release|Any CPU
	EndGlobalSection
	GlobalSection(SolutionProperties) = preSolution
		HideSolutionNode = FALSE
	EndGlobalSection
	GlobalSection(ExtensibilityGlobals) = postSolution
		SolutionGuid = {933A607E-3720-4E0A-BC77-2FB238803F71}
	EndGlobalSection
EndGlobal
